
Microsoft Visual Studio Solution File, Format Version 12.00
# Visual Studio Version 17
VisualStudioVersion = 17.9.34622.214
MinimumVisualStudioVersion = 10.0.40219.1
Project("{FAE04EC0-301F-11D3-BF4B-00C04F79EFBC}") = "SF2022User{NN}Lib.dll", "SF2022User{NN}Lib.dll\SF2022User{NN}Lib.dll.csproj", "{1A346D6A-607A-42AD-88CB-3E517121AB5A}"
EndProject
Project("{FAE04EC0-301F-11D3-BF4B-00C04F79EFBC}") = "UnitTests", "UnitTests\UnitTests.csproj", "{D0AE2806-2C21-4A57-9CE6-C9674A4327B2}"
EndProject
Global
	GlobalSection(SolutionConfigurationPlatforms) = preSolution
		Debug|Any CPU = Debug|Any CPU
		Release|Any CPU = Release|Any CPU
	EndGlobalSection
	GlobalSection(ProjectConfigurationPlatforms) = postSolution
		{1A346D6A-607A-42AD-88CB-3E517121AB5A}.Debug|Any CPU.ActiveCfg = Debug|Any CPU
		{1A346D6A-607A-42AD-88CB-3E517121AB5A}.Debug|Any CPU.Build.0 = Debug|Any CPU
		{1A346D6A-607A-42AD-88CB-3E517121AB5A}.Release|Any CPU.ActiveCfg = Release|Any CPU
		{1A346D6A-607A-42AD-88CB-3E517121AB5A}.Release|Any CPU.Build.0 = Release|Any CPU
		{D0AE2806-2C21-4A57-9CE6-C9674A4327B2}.Debug|Any CPU.ActiveCfg = Debug|Any CPU
		{D0AE2806-2C21-4A57-9CE6-C9674A4327B2}.Debug|Any CPU.Build.0 = Debug|Any CPU
		{D0AE2806-2C21-4A57-9CE6-C9674A4327B2}.Release|Any CPU.ActiveCfg = Release|Any CPU
		{D0AE2806-2C21-4A57-9CE6-C9674A4327B2}.Release|Any CPU.Build.0 = Release|Any CPU
	EndGlobalSection
	GlobalSection(SolutionProperties) = preSolution
		HideSolutionNode = FALSE
	EndGlobalSection
	GlobalSection(ExtensibilityGlobals) = postSolution
		SolutionGuid = {C74748E3-9524-458C-AA79-FE5F234112D1}
	EndGlobalSection
EndGlobal
